
Microsoft Visual Studio Solution File, Format Version 12.00
# Visual Studio 15
Project("{FAE04EC0-301F-11D3-BF4B-00C04F79EFBC}") = "Assembly-CSharp", "Assembly-CSharp.csproj", "{4BA2F148-C366-C589-264A-C02208651B6E}"
EndProject
Project("{FAE04EC0-301F-11D3-BF4B-00C04F79EFBC}") = "Assembly-CSharp-Editor", "Assembly-CSharp-Editor.csproj", "{7123016C-584A-1E92-10BA-271C2C824F95}"
EndProject
Global
	GlobalSection(SolutionConfigurationPlatforms) = preSolution
		Debug|Any CPU = Debug|Any CPU
		Release|Any CPU = Release|Any CPU
	EndGlobalSection
	GlobalSection(ProjectConfigurationPlatforms) = postSolution
		{4BA2F148-C366-C589-264A-C02208651B6E}.Debug|Any CPU.ActiveCfg = Debug|Any CPU
		{4BA2F148-C366-C589-264A-C02208651B6E}.Debug|Any CPU.Build.0 = Debug|Any CPU
		{4BA2F148-C366-C589-264A-C02208651B6E}.Release|Any CPU.ActiveCfg = Release|Any CPU
		{4BA2F148-C366-C589-264A-C02208651B6E}.Release|Any CPU.Build.0 = Release|Any CPU
		{7123016C-584A-1E92-10BA-271C2C824F95}.Debug|Any CPU.ActiveCfg = Debug|Any CPU
		{7123016C-584A-1E92-10BA-271C2C824F95}.Debug|Any CPU.Build.0 = Debug|Any CPU
		{7123016C-584A-1E92-10BA-271C2C824F95}.Release|Any CPU.ActiveCfg = Release|Any CPU
		{7123016C-584A-1E92-10BA-271C2C824F95}.Release|Any CPU.Build.0 = Release|Any CPU
	EndGlobalSection
	GlobalSection(SolutionProperties) = preSolution
		HideSolutionNode = FALSE
	EndGlobalSection
EndGlobal
